
Microsoft Visual Studio Solution File, Format Version 12.00
# Visual Studio 15
VisualStudioVersion = 15.0.28307.106
MinimumVisualStudioVersion = 10.0.40219.1
Project("{2150E333-8FDC-42A3-9474-1A3956D46DE8}") = "1. Gün", "1. Gün", "{534E871E-C24C-4389-9B9F-4D0F91ED3671}"
EndProject
Project("{FAE04EC0-301F-11D3-BF4B-00C04F79EFBC}") = "Degiskenler", "Degiskenler\Degiskenler.csproj", "{6005A475-1D3C-44FA-B949-EB33AA4D2397}"
EndProject
Project("{FAE04EC0-301F-11D3-BF4B-00C04F79EFBC}") = "KararYapilariVeDonguler", "KararYapilariVeDonguler\KararYapilariVeDonguler.csproj", "{A89D508C-E62A-4184-A795-2DB6C7D4AA3A}"
EndProject
Project("{2150E333-8FDC-42A3-9474-1A3956D46DE8}") = "2. Gün", "2. Gün", "{FEF1F6B5-9D00-49A1-AD19-017A66CF4532}"
EndProject
Project("{FAE04EC0-301F-11D3-BF4B-00C04F79EFBC}") = "InputIslemleri", "InputIslemleri\InputIslemleri.csproj", "{05F92607-80FE-4D6E-9EBA-F91E867559EB}"
EndProject
Project("{FAE04EC0-301F-11D3-BF4B-00C04F79EFBC}") = "Ornekler", "Ornekler\Ornekler.csproj", "{6BD73A5B-9449-4FF0-9DBB-4D40EFF41E3A}"
EndProject
Project("{FAE04EC0-301F-11D3-BF4B-00C04F79EFBC}") = "RandomNesnesi", "RandomNesnesi\RandomNesnesi.csproj", "{5E7ABDDC-0C8C-4C63-8D9C-38E60C2DA735}"
EndProject
Project("{2150E333-8FDC-42A3-9474-1A3956D46DE8}") = "3. Gün", "3. Gün", "{0A972E59-2719-4B50-8FA5-3080EC38BB16}"
EndProject
Project("{FAE04EC0-301F-11D3-BF4B-00C04F79EFBC}") = "ZarOyunu", "ZarOyunu\ZarOyunu.csproj", "{7A583843-7BB3-4420-8D08-C0536F273539}"
EndProject
Project("{FAE04EC0-301F-11D3-BF4B-00C04F79EFBC}") = "SayiTahminOyunu", "SayiTahminOyunu\SayiTahminOyunu.csproj", "{7C0B558C-7062-4DE5-B2D9-DABA0E9B765E}"
EndProject
Project("{FAE04EC0-301F-11D3-BF4B-00C04F79EFBC}") = "Diziler", "Diziler\Diziler.csproj", "{A98B0ACB-9874-407E-B0EB-97D363FEAE46}"
EndProject
Project("{FAE04EC0-301F-11D3-BF4B-00C04F79EFBC}") = "Methodlar", "Methodlar\Methodlar.csproj", "{E33CBA6C-596C-4C54-9644-6C5C759DE93C}"
EndProject
Project("{FAE04EC0-301F-11D3-BF4B-00C04F79EFBC}") = "Methodlar2", "Methodlar2\Methodlar2.csproj", "{AE15C804-AB41-47E2-873C-3535A9BE6648}"
EndProject
Project("{2150E333-8FDC-42A3-9474-1A3956D46DE8}") = "4. Gün", "4. Gün", "{66764DF8-DEE7-4497-8926-470097DA42E6}"
EndProject
Project("{FAE04EC0-301F-11D3-BF4B-00C04F79EFBC}") = "AdamAsmacaOyunu", "AdamAsmacaOyunu\AdamAsmacaOyunu.csproj", "{DA04AB01-DB31-4E2D-BDA8-D6E859E5FCAD}"
EndProject
Project("{FAE04EC0-301F-11D3-BF4B-00C04F79EFBC}") = "RefOut", "RefOut\RefOut.csproj", "{F954D653-D567-49FC-9E68-9FF9BE31DD04}"
EndProject
Project("{FAE04EC0-301F-11D3-BF4B-00C04F79EFBC}") = "OopPart1", "OopPart1\OopPart1.csproj", "{F57064B2-8FBA-43E5-AA2F-1E93729A6E69}"
EndProject
Project("{FAE04EC0-301F-11D3-BF4B-00C04F79EFBC}") = "FormGiris", "FormGiris\FormGiris.csproj", "{C69416DB-F238-4569-8FD6-9433F3523F81}"
EndProject
Project("{2150E333-8FDC-42A3-9474-1A3956D46DE8}") = "5. Gün", "5. Gün", "{7C52A8C2-381A-4299-92C2-A78BD756D635}"
EndProject
Project("{FAE04EC0-301F-11D3-BF4B-00C04F79EFBC}") = "HesapMakinesi", "HesapMakinesi\HesapMakinesi.csproj", "{819A8347-F10A-4A40-81B6-F9D82E8F2460}"
EndProject
Project("{FAE04EC0-301F-11D3-BF4B-00C04F79EFBC}") = "MathStringDateTime", "MathStringDateTime\MathStringDateTime.csproj", "{8CB53BEB-EF1E-438A-9662-FBFA8A08A837}"
EndProject
Project("{FAE04EC0-301F-11D3-BF4B-00C04F79EFBC}") = "KisiEnvanteri", "KisiEnvanteri\KisiEnvanteri.csproj", "{2965B24C-C5C8-4CBB-88D7-8E816B1522DD}"
EndProject
Project("{FAE04EC0-301F-11D3-BF4B-00C04F79EFBC}") = "FormControls", "FormControls\FormControls.csproj", "{A7A1BE47-21C3-48A4-8E08-8ECD87BADDC0}"
EndProject
Project("{2150E333-8FDC-42A3-9474-1A3956D46DE8}") = "6. Gün", "6. Gün", "{A2591D18-C8F0-46EB-95F0-FE09117B7735}"
EndProject
Project("{FAE04EC0-301F-11D3-BF4B-00C04F79EFBC}") = "Kronometre", "Kronometre\Kronometre.csproj", "{30089CCA-5CC3-4905-88CA-BCECE3AC4708}"
EndProject
Project("{FAE04EC0-301F-11D3-BF4B-00C04F79EFBC}") = "Kalitim", "Kalitim\Kalitim.csproj", "{2EDF2E7F-1486-482E-96CB-354FDC62AFB6}"
EndProject
Project("{2150E333-8FDC-42A3-9474-1A3956D46DE8}") = "7. Gün", "7. Gün", "{5634E4D1-93B8-4248-AFE1-3F757425BE0A}"
EndProject
Project("{2150E333-8FDC-42A3-9474-1A3956D46DE8}") = "Overriding", "Overriding", "{FCEF6A11-C1FB-4E50-A77D-ED9BB08EE4ED}"
EndProject
Project("{FAE04EC0-301F-11D3-BF4B-00C04F79EFBC}") = "Geometri.Lib", "Geometri.Lib\Geometri.Lib.csproj", "{395B9B41-F51C-447A-8609-B8BD7131240D}"
EndProject
Project("{FAE04EC0-301F-11D3-BF4B-00C04F79EFBC}") = "Geometri.App", "Geometri.App\Geometri.App.csproj", "{80646235-9913-4068-99EC-1F040549564B}"
EndProject
Project("{2150E333-8FDC-42A3-9474-1A3956D46DE8}") = "Soyutlastirma", "Soyutlastirma", "{E1BF656F-ACA5-406A-B258-DC0B94FC688C}"
EndProject
Project("{FAE04EC0-301F-11D3-BF4B-00C04F79EFBC}") = "Soyut.App", "Soyut.App\Soyut.App.csproj", "{96761EFB-6C80-4232-9E92-9520500A3D7B}"
EndProject
Project("{FAE04EC0-301F-11D3-BF4B-00C04F79EFBC}") = "Soyut.Lib", "Soyut.Lib\Soyut.Lib.csproj", "{C669519D-1BCE-4EC4-AE54-2069A2144280}"
EndProject
Project("{FAE04EC0-301F-11D3-BF4B-00C04F79EFBC}") = "InterfaceOrnek", "InterfaceOrnek\InterfaceOrnek.csproj", "{153C9BD6-F3CC-456E-A047-BEEA73C72165}"
EndProject
Project("{2150E333-8FDC-42A3-9474-1A3956D46DE8}") = "8. Gün", "8. Gün", "{D47CB264-DD82-4261-960B-B507E0A4B8C0}"
EndProject
Project("{2150E333-8FDC-42A3-9474-1A3956D46DE8}") = "Interface Segregation", "Interface Segregation", "{D105204E-903A-450F-99C4-311E1525E4D9}"
EndProject
Project("{FAE04EC0-301F-11D3-BF4B-00C04F79EFBC}") = "Cs.Lib", "Cs.Lib\Cs.Lib.csproj", "{276D1442-7F9E-45FF-BEAD-E748CC4E4E1A}"
EndProject
Project("{FAE04EC0-301F-11D3-BF4B-00C04F79EFBC}") = "Cs.App", "Cs.App\Cs.App.csproj", "{A1064B29-312A-4A65-99B1-F87C790D70DC}"
EndProject
Project("{2150E333-8FDC-42A3-9474-1A3956D46DE8}") = "Operator Overloading", "Operator Overloading", "{07E59637-2706-4E3A-B20A-E0DFF3C9902C}"
EndProject
Project("{FAE04EC0-301F-11D3-BF4B-00C04F79EFBC}") = "OperatorOverloading", "OperatorOverloading\OperatorOverloading.csproj", "{2B235FEE-0346-4ED9-9F64-43E174218AFA}"
EndProject
Project("{2150E333-8FDC-42A3-9474-1A3956D46DE8}") = "9. Gün", "9. Gün", "{DEC2C94C-CD59-4436-A402-2CC451504A4B}"
EndProject
Project("{FAE04EC0-301F-11D3-BF4B-00C04F79EFBC}") = "KisiselKontroller", "KisiselKontroller\KisiselKontroller.csproj", "{9E3A6BA0-130A-438A-87EC-9F44BF840984}"
EndProject
Project("{2150E333-8FDC-42A3-9474-1A3956D46DE8}") = "Serialization", "Serialization", "{BEB8CDDD-A365-471E-A8C2-886B36A55F69}"
EndProject
Project("{FAE04EC0-301F-11D3-BF4B-00C04F79EFBC}") = "BinarySerialization", "BinarySerialization\BinarySerialization.csproj", "{F85BF8F8-E684-409D-BE7B-3D6FF1C0F7D2}"
EndProject
Project("{2150E333-8FDC-42A3-9474-1A3956D46DE8}") = "10. Gün", "10. Gün", "{B64F6E7D-142A-4C18-B813-7ADBE892C28B}"
EndProject
Project("{FAE04EC0-301F-11D3-BF4B-00C04F79EFBC}") = "KisiEnvanteriV2", "KisiEnvanteriV2\KisiEnvanteriV2.csproj", "{83DF1D6C-40F9-4244-96D3-D5E2CC186073}"
EndProject
Project("{FAE04EC0-301F-11D3-BF4B-00C04F79EFBC}") = "UcaksavarOyunu", "UcaksavarOyunu\UcaksavarOyunu.csproj", "{F1DE3A63-EF24-4968-8E92-95C69891FE8E}"
EndProject
Project("{2150E333-8FDC-42A3-9474-1A3956D46DE8}") = "11. Gün", "11. Gün", "{2D5DA854-5B17-4B55-8267-38967C346234}"
EndProject
Project("{FAE04EC0-301F-11D3-BF4B-00C04F79EFBC}") = "XmlJsonServislerineBaglanma", "XmlJsonServislerineBaglanma\XmlJsonServislerineBaglanma.csproj", "{295F4261-5239-40B3-8977-836E4F39C164}"
EndProject
Global
	GlobalSection(SolutionConfigurationPlatforms) = preSolution
		Debug|Any CPU = Debug|Any CPU
		Release|Any CPU = Release|Any CPU
	EndGlobalSection
	GlobalSection(ProjectConfigurationPlatforms) = postSolution
		{6005A475-1D3C-44FA-B949-EB33AA4D2397}.Debug|Any CPU.ActiveCfg = Debug|Any CPU
		{6005A475-1D3C-44FA-B949-EB33AA4D2397}.Debug|Any CPU.Build.0 = Debug|Any CPU
		{6005A475-1D3C-44FA-B949-EB33AA4D2397}.Release|Any CPU.ActiveCfg = Release|Any CPU
		{6005A475-1D3C-44FA-B949-EB33AA4D2397}.Release|Any CPU.Build.0 = Release|Any CPU
		{A89D508C-E62A-4184-A795-2DB6C7D4AA3A}.Debug|Any CPU.ActiveCfg = Debug|Any CPU
		{A89D508C-E62A-4184-A795-2DB6C7D4AA3A}.Debug|Any CPU.Build.0 = Debug|Any CPU
		{A89D508C-E62A-4184-A795-2DB6C7D4AA3A}.Release|Any CPU.ActiveCfg = Release|Any CPU
		{A89D508C-E62A-4184-A795-2DB6C7D4AA3A}.Release|Any CPU.Build.0 = Release|Any CPU
		{05F92607-80FE-4D6E-9EBA-F91E867559EB}.Debug|Any CPU.ActiveCfg = Debug|Any CPU
		{05F92607-80FE-4D6E-9EBA-F91E867559EB}.Debug|Any CPU.Build.0 = Debug|Any CPU
		{05F92607-80FE-4D6E-9EBA-F91E867559EB}.Release|Any CPU.ActiveCfg = Release|Any CPU
		{05F92607-80FE-4D6E-9EBA-F91E867559EB}.Release|Any CPU.Build.0 = Release|Any CPU
		{6BD73A5B-9449-4FF0-9DBB-4D40EFF41E3A}.Debug|Any CPU.ActiveCfg = Debug|Any CPU
		{6BD73A5B-9449-4FF0-9DBB-4D40EFF41E3A}.Debug|Any CPU.Build.0 = Debug|Any CPU
		{6BD73A5B-9449-4FF0-9DBB-4D40EFF41E3A}.Release|Any CPU.ActiveCfg = Release|Any CPU
		{6BD73A5B-9449-4FF0-9DBB-4D40EFF41E3A}.Release|Any CPU.Build.0 = Release|Any CPU
		{5E7ABDDC-0C8C-4C63-8D9C-38E60C2DA735}.Debug|Any CPU.ActiveCfg = Debug|Any CPU
		{5E7ABDDC-0C8C-4C63-8D9C-38E60C2DA735}.Debug|Any CPU.Build.0 = Debug|Any CPU
		{5E7ABDDC-0C8C-4C63-8D9C-38E60C2DA735}.Release|Any CPU.ActiveCfg = Release|Any CPU
		{5E7ABDDC-0C8C-4C63-8D9C-38E60C2DA735}.Release|Any CPU.Build.0 = Release|Any CPU
		{7A583843-7BB3-4420-8D08-C0536F273539}.Debug|Any CPU.ActiveCfg = Debug|Any CPU
		{7A583843-7BB3-4420-8D08-C0536F273539}.Debug|Any CPU.Build.0 = Debug|Any CPU
		{7A583843-7BB3-4420-8D08-C0536F273539}.Release|Any CPU.ActiveCfg = Release|Any CPU
		{7A583843-7BB3-4420-8D08-C0536F273539}.Release|Any CPU.Build.0 = Release|Any CPU
		{7C0B558C-7062-4DE5-B2D9-DABA0E9B765E}.Debug|Any CPU.ActiveCfg = Debug|Any CPU
		{7C0B558C-7062-4DE5-B2D9-DABA0E9B765E}.Debug|Any CPU.Build.0 = Debug|Any CPU
		{7C0B558C-7062-4DE5-B2D9-DABA0E9B765E}.Release|Any CPU.ActiveCfg = Release|Any CPU
		{7C0B558C-7062-4DE5-B2D9-DABA0E9B765E}.Release|Any CPU.Build.0 = Release|Any CPU
		{A98B0ACB-9874-407E-B0EB-97D363FEAE46}.Debug|Any CPU.ActiveCfg = Debug|Any CPU
		{A98B0ACB-9874-407E-B0EB-97D363FEAE46}.Debug|Any CPU.Build.0 = Debug|Any CPU
		{A98B0ACB-9874-407E-B0EB-97D363FEAE46}.Release|Any CPU.ActiveCfg = Release|Any CPU
		{A98B0ACB-9874-407E-B0EB-97D363FEAE46}.Release|Any CPU.Build.0 = Release|Any CPU
		{E33CBA6C-596C-4C54-9644-6C5C759DE93C}.Debug|Any CPU.ActiveCfg = Debug|Any CPU
		{E33CBA6C-596C-4C54-9644-6C5C759DE93C}.Debug|Any CPU.Build.0 = Debug|Any CPU
		{E33CBA6C-596C-4C54-9644-6C5C759DE93C}.Release|Any CPU.ActiveCfg = Release|Any CPU
		{E33CBA6C-596C-4C54-9644-6C5C759DE93C}.Release|Any CPU.Build.0 = Release|Any CPU
		{AE15C804-AB41-47E2-873C-3535A9BE6648}.Debug|Any CPU.ActiveCfg = Debug|Any CPU
		{AE15C804-AB41-47E2-873C-3535A9BE6648}.Debug|Any CPU.Build.0 = Debug|Any CPU
		{AE15C804-AB41-47E2-873C-3535A9BE6648}.Release|Any CPU.ActiveCfg = Release|Any CPU
		{AE15C804-AB41-47E2-873C-3535A9BE6648}.Release|Any CPU.Build.0 = Release|Any CPU
		{DA04AB01-DB31-4E2D-BDA8-D6E859E5FCAD}.Debug|Any CPU.ActiveCfg = Debug|Any CPU
		{DA04AB01-DB31-4E2D-BDA8-D6E859E5FCAD}.Debug|Any CPU.Build.0 = Debug|Any CPU
		{DA04AB01-DB31-4E2D-BDA8-D6E859E5FCAD}.Release|Any CPU.ActiveCfg = Release|Any CPU
		{DA04AB01-DB31-4E2D-BDA8-D6E859E5FCAD}.Release|Any CPU.Build.0 = Release|Any CPU
		{F954D653-D567-49FC-9E68-9FF9BE31DD04}.Debug|Any CPU.ActiveCfg = Debug|Any CPU
		{F954D653-D567-49FC-9E68-9FF9BE31DD04}.Debug|Any CPU.Build.0 = Debug|Any CPU
		{F954D653-D567-49FC-9E68-9FF9BE31DD04}.Release|Any CPU.ActiveCfg = Release|Any CPU
		{F954D653-D567-49FC-9E68-9FF9BE31DD04}.Release|Any CPU.Build.0 = Release|Any CPU
		{F57064B2-8FBA-43E5-AA2F-1E93729A6E69}.Debug|Any CPU.ActiveCfg = Debug|Any CPU
		{F57064B2-8FBA-43E5-AA2F-1E93729A6E69}.Debug|Any CPU.Build.0 = Debug|Any CPU
		{F57064B2-8FBA-43E5-AA2F-1E93729A6E69}.Release|Any CPU.ActiveCfg = Release|Any CPU
		{F57064B2-8FBA-43E5-AA2F-1E93729A6E69}.Release|Any CPU.Build.0 = Release|Any CPU
		{C69416DB-F238-4569-8FD6-9433F3523F81}.Debug|Any CPU.ActiveCfg = Debug|Any CPU
		{C69416DB-F238-4569-8FD6-9433F3523F81}.Debug|Any CPU.Build.0 = Debug|Any CPU
		{C69416DB-F238-4569-8FD6-9433F3523F81}.Release|Any CPU.ActiveCfg = Release|Any CPU
		{C69416DB-F238-4569-8FD6-9433F3523F81}.Release|Any CPU.Build.0 = Release|Any CPU
		{819A8347-F10A-4A40-81B6-F9D82E8F2460}.Debug|Any CPU.ActiveCfg = Debug|Any CPU
		{819A8347-F10A-4A40-81B6-F9D82E8F2460}.Debug|Any CPU.Build.0 = Debug|Any CPU
		{819A8347-F10A-4A40-81B6-F9D82E8F2460}.Release|Any CPU.ActiveCfg = Release|Any CPU
		{819A8347-F10A-4A40-81B6-F9D82E8F2460}.Release|Any CPU.Build.0 = Release|Any CPU
		{8CB53BEB-EF1E-438A-9662-FBFA8A08A837}.Debug|Any CPU.ActiveCfg = Debug|Any CPU
		{8CB53BEB-EF1E-438A-9662-FBFA8A08A837}.Debug|Any CPU.Build.0 = Debug|Any CPU
		{8CB53BEB-EF1E-438A-9662-FBFA8A08A837}.Release|Any CPU.ActiveCfg = Release|Any CPU
		{8CB53BEB-EF1E-438A-9662-FBFA8A08A837}.Release|Any CPU.Build.0 = Release|Any CPU
		{2965B24C-C5C8-4CBB-88D7-8E816B1522DD}.Debug|Any CPU.ActiveCfg = Debug|Any CPU
		{2965B24C-C5C8-4CBB-88D7-8E816B1522DD}.Debug|Any CPU.Build.0 = Debug|Any CPU
		{2965B24C-C5C8-4CBB-88D7-8E816B1522DD}.Release|Any CPU.ActiveCfg = Release|Any CPU
		{2965B24C-C5C8-4CBB-88D7-8E816B1522DD}.Release|Any CPU.Build.0 = Release|Any CPU
		{A7A1BE47-21C3-48A4-8E08-8ECD87BADDC0}.Debug|Any CPU.ActiveCfg = Debug|Any CPU
		{A7A1BE47-21C3-48A4-8E08-8ECD87BADDC0}.Debug|Any CPU.Build.0 = Debug|Any CPU
		{A7A1BE47-21C3-48A4-8E08-8ECD87BADDC0}.Release|Any CPU.ActiveCfg = Release|Any CPU
		{A7A1BE47-21C3-48A4-8E08-8ECD87BADDC0}.Release|Any CPU.Build.0 = Release|Any CPU
		{30089CCA-5CC3-4905-88CA-BCECE3AC4708}.Debug|Any CPU.ActiveCfg = Debug|Any CPU
		{30089CCA-5CC3-4905-88CA-BCECE3AC4708}.Debug|Any CPU.Build.0 = Debug|Any CPU
		{30089CCA-5CC3-4905-88CA-BCECE3AC4708}.Release|Any CPU.ActiveCfg = Release|Any CPU
		{30089CCA-5CC3-4905-88CA-BCECE3AC4708}.Release|Any CPU.Build.0 = Release|Any CPU
		{2EDF2E7F-1486-482E-96CB-354FDC62AFB6}.Debug|Any CPU.ActiveCfg = Debug|Any CPU
		{2EDF2E7F-1486-482E-96CB-354FDC62AFB6}.Debug|Any CPU.Build.0 = Debug|Any CPU
		{2EDF2E7F-1486-482E-96CB-354FDC62AFB6}.Release|Any CPU.ActiveCfg = Release|Any CPU
		{2EDF2E7F-1486-482E-96CB-354FDC62AFB6}.Release|Any CPU.Build.0 = Release|Any CPU
		{395B9B41-F51C-447A-8609-B8BD7131240D}.Debug|Any CPU.ActiveCfg = Debug|Any CPU
		{395B9B41-F51C-447A-8609-B8BD7131240D}.Debug|Any CPU.Build.0 = Debug|Any CPU
		{395B9B41-F51C-447A-8609-B8BD7131240D}.Release|Any CPU.ActiveCfg = Release|Any CPU
		{395B9B41-F51C-447A-8609-B8BD7131240D}.Release|Any CPU.Build.0 = Release|Any CPU
		{80646235-9913-4068-99EC-1F040549564B}.Debug|Any CPU.ActiveCfg = Debug|Any CPU
		{80646235-9913-4068-99EC-1F040549564B}.Debug|Any CPU.Build.0 = Debug|Any CPU
		{80646235-9913-4068-99EC-1F040549564B}.Release|Any CPU.ActiveCfg = Release|Any CPU
		{80646235-9913-4068-99EC-1F040549564B}.Release|Any CPU.Build.0 = Release|Any CPU
		{96761EFB-6C80-4232-9E92-9520500A3D7B}.Debug|Any CPU.ActiveCfg = Debug|Any CPU
		{96761EFB-6C80-4232-9E92-9520500A3D7B}.Debug|Any CPU.Build.0 = Debug|Any CPU
		{96761EFB-6C80-4232-9E92-9520500A3D7B}.Release|Any CPU.ActiveCfg = Release|Any CPU
		{96761EFB-6C80-4232-9E92-9520500A3D7B}.Release|Any CPU.Build.0 = Release|Any CPU
		{C669519D-1BCE-4EC4-AE54-2069A2144280}.Debug|Any CPU.ActiveCfg = Debug|Any CPU
		{C669519D-1BCE-4EC4-AE54-2069A2144280}.Debug|Any CPU.Build.0 = Debug|Any CPU
		{C669519D-1BCE-4EC4-AE54-2069A2144280}.Release|Any CPU.ActiveCfg = Release|Any CPU
		{C669519D-1BCE-4EC4-AE54-2069A2144280}.Release|Any CPU.Build.0 = Release|Any CPU
		{153C9BD6-F3CC-456E-A047-BEEA73C72165}.Debug|Any CPU.ActiveCfg = Debug|Any CPU
		{153C9BD6-F3CC-456E-A047-BEEA73C72165}.Debug|Any CPU.Build.0 = Debug|Any CPU
		{153C9BD6-F3CC-456E-A047-BEEA73C72165}.Release|Any CPU.ActiveCfg = Release|Any CPU
		{153C9BD6-F3CC-456E-A047-BEEA73C72165}.Release|Any CPU.Build.0 = Release|Any CPU
		{276D1442-7F9E-45FF-BEAD-E748CC4E4E1A}.Debug|Any CPU.ActiveCfg = Debug|Any CPU
		{276D1442-7F9E-45FF-BEAD-E748CC4E4E1A}.Debug|Any CPU.Build.0 = Debug|Any CPU
		{276D1442-7F9E-45FF-BEAD-E748CC4E4E1A}.Release|Any CPU.ActiveCfg = Release|Any CPU
		{276D1442-7F9E-45FF-BEAD-E748CC4E4E1A}.Release|Any CPU.Build.0 = Release|Any CPU
		{A1064B29-312A-4A65-99B1-F87C790D70DC}.Debug|Any CPU.ActiveCfg = Debug|Any CPU
		{A1064B29-312A-4A65-99B1-F87C790D70DC}.Debug|Any CPU.Build.0 = Debug|Any CPU
		{A1064B29-312A-4A65-99B1-F87C790D70DC}.Release|Any CPU.ActiveCfg = Release|Any CPU
		{A1064B29-312A-4A65-99B1-F87C790D70DC}.Release|Any CPU.Build.0 = Release|Any CPU
		{2B235FEE-0346-4ED9-9F64-43E174218AFA}.Debug|Any CPU.ActiveCfg = Debug|Any CPU
		{2B235FEE-0346-4ED9-9F64-43E174218AFA}.Debug|Any CPU.Build.0 = Debug|Any CPU
		{2B235FEE-0346-4ED9-9F64-43E174218AFA}.Release|Any CPU.ActiveCfg = Release|Any CPU
		{2B235FEE-0346-4ED9-9F64-43E174218AFA}.Release|Any CPU.Build.0 = Release|Any CPU
		{9E3A6BA0-130A-438A-87EC-9F44BF840984}.Debug|Any CPU.ActiveCfg = Debug|Any CPU
		{9E3A6BA0-130A-438A-87EC-9F44BF840984}.Debug|Any CPU.Build.0 = Debug|Any CPU
		{9E3A6BA0-130A-438A-87EC-9F44BF840984}.Release|Any CPU.ActiveCfg = Release|Any CPU
		{9E3A6BA0-130A-438A-87EC-9F44BF840984}.Release|Any CPU.Build.0 = Release|Any CPU
		{F85BF8F8-E684-409D-BE7B-3D6FF1C0F7D2}.Debug|Any CPU.ActiveCfg = Debug|Any CPU
		{F85BF8F8-E684-409D-BE7B-3D6FF1C0F7D2}.Debug|Any CPU.Build.0 = Debug|Any CPU
		{F85BF8F8-E684-409D-BE7B-3D6FF1C0F7D2}.Release|Any CPU.ActiveCfg = Release|Any CPU
		{F85BF8F8-E684-409D-BE7B-3D6FF1C0F7D2}.Release|Any CPU.Build.0 = Release|Any CPU
		{83DF1D6C-40F9-4244-96D3-D5E2CC186073}.Debug|Any CPU.ActiveCfg = Debug|Any CPU
		{83DF1D6C-40F9-4244-96D3-D5E2CC186073}.Debug|Any CPU.Build.0 = Debug|Any CPU
		{83DF1D6C-40F9-4244-96D3-D5E2CC186073}.Release|Any CPU.ActiveCfg = Release|Any CPU
		{83DF1D6C-40F9-4244-96D3-D5E2CC186073}.Release|Any CPU.Build.0 = Release|Any CPU
		{F1DE3A63-EF24-4968-8E92-95C69891FE8E}.Debug|Any CPU.ActiveCfg = Debug|Any CPU
		{F1DE3A63-EF24-4968-8E92-95C69891FE8E}.Debug|Any CPU.Build.0 = Debug|Any CPU
		{F1DE3A63-EF24-4968-8E92-95C69891FE8E}.Release|Any CPU.ActiveCfg = Release|Any CPU
		{F1DE3A63-EF24-4968-8E92-95C69891FE8E}.Release|Any CPU.Build.0 = Release|Any CPU
		{295F4261-5239-40B3-8977-836E4F39C164}.Debug|Any CPU.ActiveCfg = Debug|Any CPU
		{295F4261-5239-40B3-8977-836E4F39C164}.Debug|Any CPU.Build.0 = Debug|Any CPU
		{295F4261-5239-40B3-8977-836E4F39C164}.Release|Any CPU.ActiveCfg = Release|Any CPU
		{295F4261-5239-40B3-8977-836E4F39C164}.Release|Any CPU.Build.0 = Release|Any CPU
	EndGlobalSection
	GlobalSection(SolutionProperties) = preSolution
		HideSolutionNode = FALSE
	EndGlobalSection
	GlobalSection(NestedProjects) = preSolution
		{6005A475-1D3C-44FA-B949-EB33AA4D2397} = {534E871E-C24C-4389-9B9F-4D0F91ED3671}
		{A89D508C-E62A-4184-A795-2DB6C7D4AA3A} = {534E871E-C24C-4389-9B9F-4D0F91ED3671}
		{05F92607-80FE-4D6E-9EBA-F91E867559EB} = {FEF1F6B5-9D00-49A1-AD19-017A66CF4532}
		{6BD73A5B-9449-4FF0-9DBB-4D40EFF41E3A} = {FEF1F6B5-9D00-49A1-AD19-017A66CF4532}
		{5E7ABDDC-0C8C-4C63-8D9C-38E60C2DA735} = {FEF1F6B5-9D00-49A1-AD19-017A66CF4532}
		{7A583843-7BB3-4420-8D08-C0536F273539} = {0A972E59-2719-4B50-8FA5-3080EC38BB16}
		{7C0B558C-7062-4DE5-B2D9-DABA0E9B765E} = {0A972E59-2719-4B50-8FA5-3080EC38BB16}
		{A98B0ACB-9874-407E-B0EB-97D363FEAE46} = {0A972E59-2719-4B50-8FA5-3080EC38BB16}
		{E33CBA6C-596C-4C54-9644-6C5C759DE93C} = {0A972E59-2719-4B50-8FA5-3080EC38BB16}
		{AE15C804-AB41-47E2-873C-3535A9BE6648} = {0A972E59-2719-4B50-8FA5-3080EC38BB16}
		{DA04AB01-DB31-4E2D-BDA8-D6E859E5FCAD} = {66764DF8-DEE7-4497-8926-470097DA42E6}
		{F954D653-D567-49FC-9E68-9FF9BE31DD04} = {66764DF8-DEE7-4497-8926-470097DA42E6}
		{F57064B2-8FBA-43E5-AA2F-1E93729A6E69} = {66764DF8-DEE7-4497-8926-470097DA42E6}
		{C69416DB-F238-4569-8FD6-9433F3523F81} = {66764DF8-DEE7-4497-8926-470097DA42E6}
		{819A8347-F10A-4A40-81B6-F9D82E8F2460} = {7C52A8C2-381A-4299-92C2-A78BD756D635}
		{8CB53BEB-EF1E-438A-9662-FBFA8A08A837} = {7C52A8C2-381A-4299-92C2-A78BD756D635}
		{2965B24C-C5C8-4CBB-88D7-8E816B1522DD} = {7C52A8C2-381A-4299-92C2-A78BD756D635}
		{A7A1BE47-21C3-48A4-8E08-8ECD87BADDC0} = {7C52A8C2-381A-4299-92C2-A78BD756D635}
		{30089CCA-5CC3-4905-88CA-BCECE3AC4708} = {A2591D18-C8F0-46EB-95F0-FE09117B7735}
		{2EDF2E7F-1486-482E-96CB-354FDC62AFB6} = {A2591D18-C8F0-46EB-95F0-FE09117B7735}
		{FCEF6A11-C1FB-4E50-A77D-ED9BB08EE4ED} = {5634E4D1-93B8-4248-AFE1-3F757425BE0A}
		{395B9B41-F51C-447A-8609-B8BD7131240D} = {FCEF6A11-C1FB-4E50-A77D-ED9BB08EE4ED}
		{80646235-9913-4068-99EC-1F040549564B} = {FCEF6A11-C1FB-4E50-A77D-ED9BB08EE4ED}
		{E1BF656F-ACA5-406A-B258-DC0B94FC688C} = {5634E4D1-93B8-4248-AFE1-3F757425BE0A}
		{96761EFB-6C80-4232-9E92-9520500A3D7B} = {E1BF656F-ACA5-406A-B258-DC0B94FC688C}
		{C669519D-1BCE-4EC4-AE54-2069A2144280} = {E1BF656F-ACA5-406A-B258-DC0B94FC688C}
		{153C9BD6-F3CC-456E-A047-BEEA73C72165} = {5634E4D1-93B8-4248-AFE1-3F757425BE0A}
		{D105204E-903A-450F-99C4-311E1525E4D9} = {D47CB264-DD82-4261-960B-B507E0A4B8C0}
		{276D1442-7F9E-45FF-BEAD-E748CC4E4E1A} = {D105204E-903A-450F-99C4-311E1525E4D9}
		{A1064B29-312A-4A65-99B1-F87C790D70DC} = {D105204E-903A-450F-99C4-311E1525E4D9}
		{07E59637-2706-4E3A-B20A-E0DFF3C9902C} = {D47CB264-DD82-4261-960B-B507E0A4B8C0}
		{2B235FEE-0346-4ED9-9F64-43E174218AFA} = {07E59637-2706-4E3A-B20A-E0DFF3C9902C}
		{9E3A6BA0-130A-438A-87EC-9F44BF840984} = {DEC2C94C-CD59-4436-A402-2CC451504A4B}
		{BEB8CDDD-A365-471E-A8C2-886B36A55F69} = {DEC2C94C-CD59-4436-A402-2CC451504A4B}
		{F85BF8F8-E684-409D-BE7B-3D6FF1C0F7D2} = {BEB8CDDD-A365-471E-A8C2-886B36A55F69}
		{83DF1D6C-40F9-4244-96D3-D5E2CC186073} = {B64F6E7D-142A-4C18-B813-7ADBE892C28B}
		{F1DE3A63-EF24-4968-8E92-95C69891FE8E} = {B64F6E7D-142A-4C18-B813-7ADBE892C28B}
		{295F4261-5239-40B3-8977-836E4F39C164} = {2D5DA854-5B17-4B55-8267-38967C346234}
	EndGlobalSection
	GlobalSection(ExtensibilityGlobals) = postSolution
		SolutionGuid = {14EFD8DF-749E-4F54-8DC7-903C5494947B}
	EndGlobalSection
EndGlobal
